Title: '&d&l [购买] &1&l建筑材料'
Shape:
- '--------Z'
- '123456789'
- 'abcdefghi'
- 'jklnmo   '
- '----/----'
Buttons:
  /:
    display:
      mats: nether_star
      name:
      - '&c返回'
      Shiny: true
    actions:
      all:
      - 'open: shop-list'
  Z:
    display:
      mats: ORANGE_STAINED_GLASS_PANE
      name:
      - '&c&l✖ 关闭菜单 ✖ '
      Shiny: true
    actions:
      all:
      - 'sound: BLOCK_GLASS_BREAK'
      - Close
  '-':
    display:
      name: '&a '
      mats: BLUE_STAINED_GLASS_PANE
  '1':
    display:
      mats: DIRT
      lore:
      - ''
      - '&8 ▪ &d购买: &e 1金币 / 个'
      - ''
      - '&f➤ &a&l点击 开始购买'
      - ''
    actions:
      all:
      - 'set-meta: 物品 DIRT'
      - 'set-meta: 价格 1'
      - 'sound: BLOCK_STONE_STEP-1-0'
      - 'menu: Shop-Buy %trmenu_meta_物品% %trmenu_meta_价格% 1 block'
  '2':
    display:
      mats: COBBLESTONE
      lore:
      - ''
      - '&8 ▪ &d购买: &e 1金币 / 个'
      - ''
      - '&f➤ &a&l点击 开始购买'
      - ''
    actions:
      all:
      - 'set-meta: 物品 COBBLESTONE'
      - 'set-meta: 价格 1'
      - 'sound: BLOCK_STONE_STEP-1-0'
      - 'menu: Shop-Buy %trmenu_meta_物品% %trmenu_meta_价格% 1 block'
  '3':
    display:
      mats: SAND
      lore:
      - ''
      - '&8 ▪ &d购买: &e 1金币 / 个'
      - ''
      - '&f➤ &a&l点击 开始购买'
      - ''
    actions:
      all:
      - 'set-meta: 物品 SAND'
      - 'set-meta: 价格 1'
      - 'sound: BLOCK_STONE_STEP-1-0'
      - 'menu: Shop-Buy %trmenu_meta_物品% %trmenu_meta_价格% 1 block'
  '4':
    display:
      mats: NETHERRACK
      lore:
      - ''
      - '&8 ▪ &d购买: &e 1金币 / 个'
      - ''
      - '&f➤ &a&l点击 开始购买'
      - ''
    actions:
      all:
      - 'set-meta: 物品 NETHERRACK'
      - 'set-meta: 价格 1'
      - 'sound: BLOCK_STONE_STEP-1-0'
      - 'menu: Shop-Buy %trmenu_meta_物品% %trmenu_meta_价格% 1 block'
  '5':
    display:
      mats: OAK_LOG
      lore:
      - ''
      - '&8 ▪ &d购买: &e 5金币 / 个'
      - ''
      - '&f➤ &a&l点击 开始购买'
      - ''
    actions:
      all:
      - 'set-meta: 物品 OAK_LOG'
      - 'set-meta: 价格 5'
      - 'sound: BLOCK_STONE_STEP-1-0'
      - 'menu: Shop-Buy %trmenu_meta_物品% %trmenu_meta_价格% 1 block'
  '6':
    display:
      mats: SPRUCE_LOG
      lore:
      - ''
      - '&8 ▪ &d购买: &e 5金币 / 个'
      - ''
      - '&f➤ &a&l点击 开始购买'
      - ''
    actions:
      all:
      - 'set-meta: 物品 SPRUCE_LOG'
      - 'set-meta: 价格 5'
      - 'sound: BLOCK_STONE_STEP-1-0'
      - 'menu: Shop-Buy %trmenu_meta_物品% %trmenu_meta_价格% 1 block'
  '7':
    display:
      mats: BIRCH_LOG
      lore:
      - ''
      - '&8 ▪ &d购买: &e 5金币 / 个'
      - ''
      - '&f➤ &a&l点击 开始购买'
      - ''
    actions:
      all:
      - 'set-meta: 物品 BIRCH_LOG'
      - 'set-meta: 价格 5'
      - 'sound: BLOCK_STONE_STEP-1-0'
      - 'menu: Shop-Buy %trmenu_meta_物品% %trmenu_meta_价格% 1 block'
  '8':
    display:
      mats: JUNGLE_LOG
      lore:
      - ''
      - '&8 ▪ &d购买: &e 5金币 / 个'
      - ''
      - '&f➤ &a&l点击 开始购买'
      - ''
    actions:
      all:
      - 'set-meta: 物品 JUNGLE_LOG'
      - 'set-meta: 价格 5'
      - 'sound: BLOCK_STONE_STEP-1-0'
      - 'menu: Shop-Buy %trmenu_meta_物品% %trmenu_meta_价格% 1 block'
  '9':
    display:
      mats: ACACIA_LOG
      lore:
      - ''
      - '&8 ▪ &d购买: &e 5金币 / 个'
      - ''
      - '&f➤ &a&l点击 开始购买'
      - ''
    actions:
      all:
      - 'set-meta: 物品 ACACIA_LOG'
      - 'set-meta: 价格 5'
      - 'sound: BLOCK_STONE_STEP-1-0'
      - 'menu: Shop-Buy %trmenu_meta_物品% %trmenu_meta_价格% 1 block'
  'a':
    display:
      mats: DARK_OAK_LOG
      lore:
      - ''
      - '&8 ▪ &d购买: &e 5金币 / 个'
      - ''
      - '&f➤ &a&l点击 开始购买'
      - ''
    actions:
      all:
      - 'set-meta: 物品 DARK_OAK_LOG'
      - 'set-meta: 价格 5'
      - 'sound: BLOCK_STONE_STEP-1-0'
      - 'menu: Shop-Buy %trmenu_meta_物品% %trmenu_meta_价格% 1 block'
  'b':
    display:
      mats: BRICKS
      lore:
      - ''
      - '&8 ▪ &d购买: &e 5金币 / 个'
      - ''
      - '&f➤ &a&l点击 开始购买'
      - ''
    actions:
      all:
      - 'set-meta: 物品 BRICKS'
      - 'set-meta: 价格 5'
      - 'sound: BLOCK_STONE_STEP-1-0'
      - 'menu: Shop-Buy %trmenu_meta_物品% %trmenu_meta_价格% 1 block'
  'c':
    display:
      mats: STONE_BRICKS
      lore:
      - ''
      - '&8 ▪ &d购买: &e 5金币 / 个'
      - ''
      - '&f➤ &a&l点击 开始购买'
      - ''
    actions:
      all:
      - 'set-meta: 物品 STONE_BRICKS'
      - 'set-meta: 价格 5'
      - 'sound: BLOCK_STONE_STEP-1-0'
      - 'menu: Shop-Buy %trmenu_meta_物品% %trmenu_meta_价格% 1 block'
  'd':
    display:
      mats: SMOOTH_STONE
      lore:
      - ''
      - '&8 ▪ &d购买: &e 5金币 / 个'
      - ''
      - '&f➤ &a&l点击 开始购买'
      - ''
    actions:
      all:
      - 'set-meta: 物品 SMOOTH_STONE'
      - 'set-meta: 价格 5'
      - 'sound: BLOCK_STONE_STEP-1-0'
      - 'menu: Shop-Buy %trmenu_meta_物品% %trmenu_meta_价格% 1 block'
  'e':
    display:
      mats: SANDSTONE
      lore:
      - ''
      - '&8 ▪ &d购买: &e 5金币 / 个'
      - ''
      - '&f➤ &a&l点击 开始购买'
      - ''
    actions:
      all:
      - 'set-meta: 物品 SANDSTONE'
      - 'set-meta: 价格 5'
      - 'sound: BLOCK_STONE_STEP-1-0'
      - 'menu: Shop-Buy %trmenu_meta_物品% %trmenu_meta_价格% 1 block'
  'f':
    display:
      mats: RED_SANDSTONE
      lore:
      - ''
      - '&8 ▪ &d购买: &e 5金币 / 个'
      - ''
      - '&f➤ &a&l点击 开始购买'
      - ''
    actions:
      all:
      - 'set-meta: 物品 RED_SANDSTONE'
      - 'set-meta: 价格 5'
      - 'sound: BLOCK_STONE_STEP-1-0'
      - 'menu: Shop-Buy %trmenu_meta_物品% %trmenu_meta_价格% 1 block'
  'g':
    display:
      mats: QUARTZ_BLOCK
      lore:
      - ''
      - '&8 ▪ &d购买: &e 5金币 / 个'
      - ''
      - '&f➤ &a&l点击 开始购买'
      - ''
    actions:
      all:
      - 'set-meta: 物品 QUARTZ_BLOCK'
      - 'set-meta: 价格 5'
      - 'sound: BLOCK_STONE_STEP-1-0'
      - 'menu: Shop-Buy %trmenu_meta_物品% %trmenu_meta_价格% 1 block'
  'h':
    display:
      mats: WHITE_CONCRETE
      lore:
      - ''
      - '&8 ▪ &d购买: &e 5金币 / 个'
      - ''
      - '&f➤ &a&l点击 开始购买'
      - ''
    actions:
      all:
      - 'set-meta: 物品 WHITE_CONCRETE'
      - 'set-meta: 价格 5'
      - 'sound: BLOCK_STONE_STEP-1-0'
      - 'menu: Shop-Buy %trmenu_meta_物品% %trmenu_meta_价格% 1 block'
  'i':
    display:
      mats: WHITE_TERRACOTTA
      lore:
      - ''
      - '&8 ▪ &d购买: &e 5金币 / 个'
      - ''
      - '&f➤ &a&l点击 开始购买'
      - ''
    actions:
      all:
      - 'set-meta: 物品 WHITE_TERRACOTTA'
      - 'set-meta: 价格 5'
      - 'sound: BLOCK_STONE_STEP-1-0'
      - 'menu: Shop-Buy %trmenu_meta_物品% %trmenu_meta_价格% 1 block'
  'j':
    display:
      mats: WHITE_WOOL
      lore:
      - ''
      - '&8 ▪ &d购买: &e 10金币 / 个'
      - ''
      - '&f➤ &a&l点击 开始购买'
      - ''
    actions:
      all:
      - 'set-meta: 物品 WHITE_WOOL'
      - 'set-meta: 价格 10'
      - 'sound: BLOCK_STONE_STEP-1-0'
      - 'menu: Shop-Buy %trmenu_meta_物品% %trmenu_meta_价格% 1 block'
  'k':
    display:
      mats: PRISMARINE_BRICKS
      lore:
      - ''
      - '&8 ▪ &d购买: &e 5金币 / 个'
      - ''
      - '&f➤ &a&l点击 开始购买'
      - ''
    actions:
      all:
      - 'set-meta: 物品 PRISMARINE_BRICKS'
      - 'set-meta: 价格 5'
      - 'sound: BLOCK_STONE_STEP-1-0'
      - 'menu: Shop-Buy %trmenu_meta_物品% %trmenu_meta_价格% 1 block'
  'l':
    display:
      mats: PURPUR_BLOCK
      lore:
      - ''
      - '&8 ▪ &d购买: &e 5金币 / 个'
      - ''
      - '&f➤ &a&l点击 开始购买'
      - ''
    actions:
      all:
      - 'set-meta: 物品 PURPUR_BLOCK'
      - 'set-meta: 价格 5'
      - 'sound: BLOCK_STONE_STEP-1-0'
      - 'menu: Shop-Buy %trmenu_meta_物品% %trmenu_meta_价格% 1 block'
  'n':
    display:
      mats: GLOWSTONE
      lore:
      - ''
      - '&8 ▪ &d购买: &e 10金币 / 个'
      - ''
      - '&f➤ &a&l点击 开始购买'
      - ''
    actions:
      all:
      - 'set-meta: 物品 GLOWSTONE'
      - 'set-meta: 价格 10'
      - 'sound: BLOCK_STONE_STEP-1-0'
      - 'menu: Shop-Buy %trmenu_meta_物品% %trmenu_meta_价格% 1 block'
  'm':
    display:
      mats: SEA_LANTERN
      lore:
      - ''
      - '&8 ▪ &d购买: &e 50金币 / 个'
      - ''
      - '&f➤ &a&l点击 开始购买'
      - ''
    actions:
      all:
      - 'set-meta: 物品 SEA_LANTERN'
      - 'set-meta: 价格 50'
      - 'sound: BLOCK_STONE_STEP-1-0'
      - 'menu: Shop-Buy %trmenu_meta_物品% %trmenu_meta_价格% 1 block'
  'o':
    display:
      mats: SOUL_SAND
      lore:
      - ''
      - '&8 ▪ &d购买: &e 10金币 / 个'
      - ''
      - '&f➤ &a&l点击 开始购买'
      - ''
    actions:
      all:
      - 'set-meta: 物品 SOUL_SAND'
      - 'set-meta: 价格 10'
      - 'sound: BLOCK_STONE_STEP-1-0'
      - 'menu: Shop-Buy %trmenu_meta_物品% %trmenu_meta_价格% 1 block'